// !$*UTF8*$!
{
	archiveVersion = 1;
	classes = {
	};
	objectVersion = 50;
	objects = {

/* Begin PBXBuildFile section */
		03082FCD4E7CCB70BC1855B4 /* libPods-trc-ios.a in Frameworks */ = {isa = PBXBuildFile; fileRef = 8CEE5C8C18609BDF6FB9D8FB /* libPods-trc-ios.a */; };
		152F69A51DA1719B9C32ED06 /* libPods-trc-ios-trc-iosUITests.a in Frameworks */ = {isa = PBXBuildFile; fileRef = 1DD3341DA290437009E6363E /* libPods-trc-ios-trc-iosUITests.a */; };
		8129D981E5196FDECE7658B8 /* libPods-trc-iosTests.a in Frameworks */ = {isa = PBXBuildFile; fileRef = 8FDEA7C9C157A6ACDCBC5D60 /* libPods-trc-iosTests.a */; };
		F309034E23BF535A0001F7DF /* UidResponse.swift in Sources */ = {isa = PBXBuildFile; fileRef = F309034D23BF535A0001F7DF /* UidResponse.swift */; };
		F309035023BF54340001F7DF /* MiniStatementResponse.swift in Sources */ = {isa = PBXBuildFile; fileRef = F309034F23BF54340001F7DF /* MiniStatementResponse.swift */; };
		F309035223BF56830001F7DF /* Transaction.swift in Sources */ = {isa = PBXBuildFile; fileRef = F309035123BF56830001F7DF /* Transaction.swift */; };
		F351897F23AA23D100319DFA /* Settings.bundle in Resources */ = {isa = PBXBuildFile; fileRef = F351897E23AA23D100319DFA /* Settings.bundle */; };
		F36AED8223BE24B8003152F9 /* OBGWAdapter.swift in Sources */ = {isa = PBXBuildFile; fileRef = F36AED8123BE24B8003152F9 /* OBGWAdapter.swift */; };
		F36AED8423BE24CB003152F9 /* CLOBGWAdapter.swift in Sources */ = {isa = PBXBuildFile; fileRef = F36AED8323BE24CB003152F9 /* CLOBGWAdapter.swift */; };
		F36AED8823BE2823003152F9 /* MyHomeAdapter.swift in Sources */ = {isa = PBXBuildFile; fileRef = F36AED8723BE2823003152F9 /* MyHomeAdapter.swift */; };
		F36AED8A23BE2838003152F9 /* ELHAMyHomeAdapter.swift in Sources */ = {isa = PBXBuildFile; fileRef = F36AED8923BE2838003152F9 /* ELHAMyHomeAdapter.swift */; };
		F36AED8E23BE2B51003152F9 /* Network.swift in Sources */ = {isa = PBXBuildFile; fileRef = F36AED8D23BE2B51003152F9 /* Network.swift */; };
		F379D8A2237DB44800A3849E /* AppDelegate.swift in Sources */ = {isa = PBXBuildFile; fileRef = F379D8A1237DB44800A3849E /* AppDelegate.swift */; };
		F379D8A4237DB44800A3849E /* SceneDelegate.swift in Sources */ = {isa = PBXBuildFile; fileRef = F379D8A3237DB44800A3849E /* SceneDelegate.swift */; };
		F379D8A6237DB44800A3849E /* DashboardViewController.swift in Sources */ = {isa = PBXBuildFile; fileRef = F379D8A5237DB44800A3849E /* DashboardViewController.swift */; };
		F379D8A9237DB44800A3849E /* Main.storyboard in Resources */ = {isa = PBXBuildFile; fileRef = F379D8A7237DB44800A3849E /* Main.storyboard */; };
		F379D8AB237DB44800A3849E /* Assets.xcassets in Resources */ = {isa = PBXBuildFile; fileRef = F379D8AA237DB44800A3849E /* Assets.xcassets */; };
		F379D8AE237DB44800A3849E /* LaunchScreen.storyboard in Resources */ = {isa = PBXBuildFile; fileRef = F379D8AC237DB44800A3849E /* LaunchScreen.storyboard */; };
		F379D8B9237DB44900A3849E /* trc_iosTests.swift in Sources */ = {isa = PBXBuildFile; fileRef = F379D8B8237DB44900A3849E /* trc_iosTests.swift */; };
		F379D8C4237DB44900A3849E /* trc_iosUITests.swift in Sources */ = {isa = PBXBuildFile; fileRef = F379D8C3237DB44900A3849E /* trc_iosUITests.swift */; };
		F379D8D9237DD1AC00A3849E /* LoginViewController.swift in Sources */ = {isa = PBXBuildFile; fileRef = F379D8D8237DD1AC00A3849E /* LoginViewController.swift */; };
		F379D8DC237DD27300A3849E /* Tokens.swift in Sources */ = {isa = PBXBuildFile; fileRef = F379D8DB237DD27300A3849E /* Tokens.swift */; };
		F379D8DE237DD2A000A3849E /* utils.swift in Sources */ = {isa = PBXBuildFile; fileRef = F379D8DD237DD2A000A3849E /* utils.swift */; };
		F38EED2A23A39C620049CE7E /* GoogleService-Info.plist in Resources */ = {isa = PBXBuildFile; fileRef = F38EED2923A39C620049CE7E /* GoogleService-Info.plist */; };
		F38EED2B23A39C620049CE7E /* GoogleService-Info.plist in Resources */ = {isa = PBXBuildFile; fileRef = F38EED2923A39C620049CE7E /* GoogleService-Info.plist */; };
		F38EED2C23A39C620049CE7E /* GoogleService-Info.plist in Resources */ = {isa = PBXBuildFile; fileRef = F38EED2923A39C620049CE7E /* GoogleService-Info.plist */; };
		F3ED9DD22396C0B3006A3C0F /* AccountLinkingViewController.swift in Sources */ = {isa = PBXBuildFile; fileRef = F3ED9DD12396C0B3006A3C0F /* AccountLinkingViewController.swift */; };
/* End PBXBuildFile section */

/* Begin PBXContainerItemProxy section */
		F379D8B5237DB44900A3849E /* PBXContainerItemProxy */ = {
			isa = PBXContainerItemProxy;
			containerPortal = F379D896237DB44800A3849E /* Project object */;
			proxyType = 1;
			remoteGlobalIDString = F379D89D237DB44800A3849E;
			remoteInfo = "trc-ios";
		};
		F379D8C0237DB44900A3849E /* PBXContainerItemProxy */ = {
			isa = PBXContainerItemProxy;
			containerPortal = F379D896237DB44800A3849E /* Project object */;
			proxyType = 1;
			remoteGlobalIDString = F379D89D237DB44800A3849E;
			remoteInfo = "trc-ios";
		};
/* End PBXContainerItemProxy section */

/* Begin PBXCopyFilesBuildPhase section */
		F379D8D5237DB4C800A3849E /* Embed Frameworks */ = {
			isa = PBXCopyFilesBuildPhase;
			buildActionMask = 2147483647;
			dstPath = "";
			dstSubfolderSpec = 10;
			files = (
			);
			name = "Embed Frameworks";
			runOnlyForDeploymentPostprocessing = 0;
		};
/* End PBXCopyFilesBuildPhase section */

/* Begin PBXFileReference section */
		1D94302AC62334918368D6EC /* Pods-trc-ios-trc-iosUITests.debug.xcconfig */ = {isa = PBXFileReference; includeInIndex = 1; lastKnownFileType = text.xcconfig; name = "Pods-trc-ios-trc-iosUITests.debug.xcconfig"; path = "Target Support Files/Pods-trc-ios-trc-iosUITests/Pods-trc-ios-trc-iosUITests.debug.xcconfig"; sourceTree = "<group>"; };
		1DD3341DA290437009E6363E /* libPods-trc-ios-trc-iosUITests.a */ = {isa = PBXFileReference; explicitFileType = archive.ar; includeInIndex = 0; path = "libPods-trc-ios-trc-iosUITests.a"; sourceTree = BUILT_PRODUCTS_DIR; };
		466EE7C71D36F1B3D3AEBE8F /* Pods-trc-ios-trc-iosUITests.release.xcconfig */ = {isa = PBXFileReference; includeInIndex = 1; lastKnownFileType = text.xcconfig; name = "Pods-trc-ios-trc-iosUITests.release.xcconfig"; path = "Target Support Files/Pods-trc-ios-trc-iosUITests/Pods-trc-ios-trc-iosUITests.release.xcconfig"; sourceTree = "<group>"; };
		48A4AF67909B6EF370B3C0F9 /* Pods-trc-ios.debug.xcconfig */ = {isa = PBXFileReference; includeInIndex = 1; lastKnownFileType = text.xcconfig; name = "Pods-trc-ios.debug.xcconfig"; path = "Target Support Files/Pods-trc-ios/Pods-trc-ios.debug.xcconfig"; sourceTree = "<group>"; };
		531FBEFC28BC5CB3FED940BC /* Pods-trc-iosTests.release.xcconfig */ = {isa = PBXFileReference; includeInIndex = 1; lastKnownFileType = text.xcconfig; name = "Pods-trc-iosTests.release.xcconfig"; path = "Target Support Files/Pods-trc-iosTests/Pods-trc-iosTests.release.xcconfig"; sourceTree = "<group>"; };
		7BBBA12452DC285600185BC5 /* Pods-trc-iosTests.debug.xcconfig */ = {isa = PBXFileReference; includeInIndex = 1; lastKnownFileType = text.xcconfig; name = "Pods-trc-iosTests.debug.xcconfig"; path = "Target Support Files/Pods-trc-iosTests/Pods-trc-iosTests.debug.xcconfig"; sourceTree = "<group>"; };
		8CEE5C8C18609BDF6FB9D8FB /* libPods-trc-ios.a */ = {isa = PBXFileReference; explicitFileType = archive.ar; includeInIndex = 0; path = "libPods-trc-ios.a"; sourceTree = BUILT_PRODUCTS_DIR; };
		8FDEA7C9C157A6ACDCBC5D60 /* libPods-trc-iosTests.a */ = {isa = PBXFileReference; explicitFileType = archive.ar; includeInIndex = 0; path = "libPods-trc-iosTests.a"; sourceTree = BUILT_PRODUCTS_DIR; };
		9254C9599BCD6F372E425168 /* Pods-trc-ios.release.xcconfig */ = {isa = PBXFileReference; includeInIndex = 1; lastKnownFileType = text.xcconfig; name = "Pods-trc-ios.release.xcconfig"; path = "Target Support Files/Pods-trc-ios/Pods-trc-ios.release.xcconfig"; sourceTree = "<group>"; };
		F309034D23BF535A0001F7DF /* UidResponse.swift */ = {isa = PBXFileReference; lastKnownFileType = sourcecode.swift; path = UidResponse.swift; sourceTree = "<group>"; };
		F309034F23BF54340001F7DF /* MiniStatementResponse.swift */ = {isa = PBXFileReference; lastKnownFileType = sourcecode.swift; path = MiniStatementResponse.swift; sourceTree = "<group>"; };
		F309035123BF56830001F7DF /* Transaction.swift */ = {isa = PBXFileReference; lastKnownFileType = sourcecode.swift; path = Transaction.swift; sourceTree = "<group>"; };
		F351897E23AA23D100319DFA /* Settings.bundle */ = {isa = PBXFileReference; lastKnownFileType = "wrapper.plug-in"; path = Settings.bundle; sourceTree = "<group>"; };
		F36AED8123BE24B8003152F9 /* OBGWAdapter.swift */ = {isa = PBXFileReference; lastKnownFileType = sourcecode.swift; path = OBGWAdapter.swift; sourceTree = "<group>"; };
		F36AED8323BE24CB003152F9 /* CLOBGWAdapter.swift */ = {isa = PBXFileReference; lastKnownFileType = sourcecode.swift; path = CLOBGWAdapter.swift; sourceTree = "<group>"; };
		F36AED8723BE2823003152F9 /* MyHomeAdapter.swift */ = {isa = PBXFileReference; lastKnownFileType = sourcecode.swift; path = MyHomeAdapter.swift; sourceTree = "<group>"; };
		F36AED8923BE2838003152F9 /* ELHAMyHomeAdapter.swift */ = {isa = PBXFileReference; lastKnownFileType = sourcecode.swift; path = ELHAMyHomeAdapter.swift; sourceTree = "<group>"; };
		F36AED8D23BE2B51003152F9 /* Network.swift */ = {isa = PBXFileReference; lastKnownFileType = sourcecode.swift; path = Network.swift; sourceTree = "<group>"; };
		F379D89E237DB44800A3849E /* trc-ios.app */ = {isa = PBXFileReference; explicitFileType = wrapper.application; includeInIndex = 0; path = "trc-ios.app"; sourceTree = BUILT_PRODUCTS_DIR; };
		F379D8A1237DB44800A3849E /* AppDelegate.swift */ = {isa = PBXFileReference; lastKnownFileType = sourcecode.swift; path = AppDelegate.swift; sourceTree = "<group>"; };
		F379D8A3237DB44800A3849E /* SceneDelegate.swift */ = {isa = PBXFileReference; lastKnownFileType = sourcecode.swift; path = SceneDelegate.swift; sourceTree = "<group>"; };
		F379D8A5237DB44800A3849E /* DashboardViewController.swift */ = {isa = PBXFileReference; lastKnownFileType = sourcecode.swift; path = DashboardViewController.swift; sourceTree = "<group>"; };
		F379D8A8237DB44800A3849E /* Base */ = {isa = PBXFileReference; lastKnownFileType = file.storyboard; name = Base; path = Base.lproj/Main.storyboard; sourceTree = "<group>"; };
		F379D8AA237DB44800A3849E /* Assets.xcassets */ = {isa = PBXFileReference; lastKnownFileType = folder.assetcatalog; path = Assets.xcassets; sourceTree = "<group>"; };
		F379D8AD237DB44800A3849E /* Base */ = {isa = PBXFileReference; lastKnownFileType = file.storyboard; name = Base; path = Base.lproj/LaunchScreen.storyboard; sourceTree = "<group>"; };
		F379D8AF237DB44800A3849E /* Info.plist */ = {isa = PBXFileReference; lastKnownFileType = text.plist.xml; path = Info.plist; sourceTree = "<group>"; };
		F379D8B4237DB44900A3849E /* trc-iosTests.xctest */ = {isa = PBXFileReference; explicitFileType = wrapper.cfbundle; includeInIndex = 0; path = "trc-iosTests.xctest"; sourceTree = BUILT_PRODUCTS_DIR; };
		F379D8B8237DB44900A3849E /* trc_iosTests.swift */ = {isa = PBXFileReference; lastKnownFileType = sourcecode.swift; path = trc_iosTests.swift; sourceTree = "<group>"; };
		F379D8BA237DB44900A3849E /* Info.plist */ = {isa = PBXFileReference; lastKnownFileType = text.plist.xml; path = Info.plist; sourceTree = "<group>"; };
		F379D8BF237DB44900A3849E /* trc-iosUITests.xctest */ = {isa = PBXFileReference; explicitFileType = wrapper.cfbundle; includeInIndex = 0; path = "trc-iosUITests.xctest"; sourceTree = BUILT_PRODUCTS_DIR; };
		F379D8C3237DB44900A3849E /* trc_iosUITests.swift */ = {isa = PBXFileReference; lastKnownFileType = sourcecode.swift; path = trc_iosUITests.swift; sourceTree = "<group>"; };
		F379D8C5237DB44900A3849E /* Info.plist */ = {isa = PBXFileReference; lastKnownFileType = text.plist.xml; path = Info.plist; sourceTree = "<group>"; };
		F379D8D7237DB7B900A3849E /* README.md */ = {isa = PBXFileReference; lastKnownFileType = net.daringfireball.markdown; path = README.md; sourceTree = "<group>"; };
		F379D8D8237DD1AC00A3849E /* LoginViewController.swift */ = {isa = PBXFileReference; lastKnownFileType = sourcecode.swift; path = LoginViewController.swift; sourceTree = "<group>"; };
		F379D8DB237DD27300A3849E /* Tokens.swift */ = {isa = PBXFileReference; lastKnownFileType = sourcecode.swift; path = Tokens.swift; sourceTree = "<group>"; };
		F379D8DD237DD2A000A3849E /* utils.swift */ = {isa = PBXFileReference; lastKnownFileType = sourcecode.swift; path = utils.swift; sourceTree = "<group>"; };
		F38EED2923A39C620049CE7E /* GoogleService-Info.plist */ = {isa = PBXFileReference; fileEncoding = 4; lastKnownFileType = text.plist.xml; path = "GoogleService-Info.plist"; sourceTree = "<group>"; };
		F3E19FBB23991A4E00949587 /* trc-ios.entitlements */ = {isa = PBXFileReference; lastKnownFileType = text.plist.entitlements; path = "trc-ios.entitlements"; sourceTree = "<group>"; };
		F3ED9DD12396C0B3006A3C0F /* AccountLinkingViewController.swift */ = {isa = PBXFileReference; lastKnownFileType = sourcecode.swift; path = AccountLinkingViewController.swift; sourceTree = "<group>"; };
/* End PBXFileReference section */

/* Begin PBXFrameworksBuildPhase section */
		F379D89B237DB44800A3849E /* Frameworks */ = {
			isa = PBXFrameworksBuildPhase;
			buildActionMask = 2147483647;
			files = (
				03082FCD4E7CCB70BC1855B4 /* libPods-trc-ios.a in Frameworks */,
			);
			runOnlyForDeploymentPostprocessing = 0;
		};
		F379D8B1237DB44900A3849E /* Frameworks */ = {
			isa = PBXFrameworksBuildPhase;
			buildActionMask = 2147483647;
			files = (
				8129D981E5196FDECE7658B8 /* libPods-trc-iosTests.a in Frameworks */,
			);
			runOnlyForDeploymentPostprocessing = 0;
		};
		F379D8BC237DB44900A3849E /* Frameworks */ = {
			isa = PBXFrameworksBuildPhase;
			buildActionMask = 2147483647;
			files = (
				152F69A51DA1719B9C32ED06 /* libPods-trc-ios-trc-iosUITests.a in Frameworks */,
			);
			runOnlyForDeploymentPostprocessing = 0;
		};
/* End PBXFrameworksBuildPhase section */

/* Begin PBXGroup section */
		D57853DEA228CB08CFBDF0E5 /* Pods */ = {
			isa = PBXGroup;
			children = (
				48A4AF67909B6EF370B3C0F9 /* Pods-trc-ios.debug.xcconfig */,
				9254C9599BCD6F372E425168 /* Pods-trc-ios.release.xcconfig */,
				1D94302AC62334918368D6EC /* Pods-trc-ios-trc-iosUITests.debug.xcconfig */,
				466EE7C71D36F1B3D3AEBE8F /* Pods-trc-ios-trc-iosUITests.release.xcconfig */,
				7BBBA12452DC285600185BC5 /* Pods-trc-iosTests.debug.xcconfig */,
				531FBEFC28BC5CB3FED940BC /* Pods-trc-iosTests.release.xcconfig */,
			);
			path = Pods;
			sourceTree = "<group>";
		};
		F36AED8B23BE2ACE003152F9 /* Adapters */ = {
			isa = PBXGroup;
			children = (
				F36AED8723BE2823003152F9 /* MyHomeAdapter.swift */,
				F36AED8923BE2838003152F9 /* ELHAMyHomeAdapter.swift */,
				F36AED8123BE24B8003152F9 /* OBGWAdapter.swift */,
				F36AED8323BE24CB003152F9 /* CLOBGWAdapter.swift */,
			);
			path = Adapters;
			sourceTree = "<group>";
		};
		F36AED8C23BE2B3D003152F9 /* Helpers */ = {
			isa = PBXGroup;
			children = (
				F379D8DD237DD2A000A3849E /* utils.swift */,
				F36AED8D23BE2B51003152F9 /* Network.swift */,
			);
			path = Helpers;
			sourceTree = "<group>";
		};
		F379D895237DB44800A3849E = {
			isa = PBXGroup;
			children = (
				F379D8A0237DB44800A3849E /* trc-ios */,
				F379D8B7237DB44900A3849E /* trc-iosTests */,
				F379D8C2237DB44900A3849E /* trc-iosUITests */,
				F379D89F237DB44800A3849E /* Products */,
				F379D8D1237DB4C800A3849E /* Frameworks */,
				D57853DEA228CB08CFBDF0E5 /* Pods */,
			);
			sourceTree = "<group>";
		};
		F379D89F237DB44800A3849E /* Products */ = {
			isa = PBXGroup;
			children = (
				F379D89E237DB44800A3849E /* trc-ios.app */,
				F379D8B4237DB44900A3849E /* trc-iosTests.xctest */,
				F379D8BF237DB44900A3849E /* trc-iosUITests.xctest */,
			);
			name = Products;
			sourceTree = "<group>";
		};
		F379D8A0237DB44800A3849E /* trc-ios */ = {
			isa = PBXGroup;
			children = (
				F36AED8B23BE2ACE003152F9 /* Adapters */,
				F36AED8C23BE2B3D003152F9 /* Helpers */,
				F38EED2923A39C620049CE7E /* GoogleService-Info.plist */,
				F3E19FBB23991A4E00949587 /* trc-ios.entitlements */,
				F379D8A1237DB44800A3849E /* AppDelegate.swift */,
				F379D8A3237DB44800A3849E /* SceneDelegate.swift */,
				F379D8D8237DD1AC00A3849E /* LoginViewController.swift */,
				F3ED9DD12396C0B3006A3C0F /* AccountLinkingViewController.swift */,
				F379D8A5237DB44800A3849E /* DashboardViewController.swift */,
				F379D8A7237DB44800A3849E /* Main.storyboard */,
				F379D8AA237DB44800A3849E /* Assets.xcassets */,
				F379D8AC237DB44800A3849E /* LaunchScreen.storyboard */,
				F379D8AF237DB44800A3849E /* Info.plist */,
				F379D8D7237DB7B900A3849E /* README.md */,
				F379D8DA237DD25100A3849E /* Models */,
				F351897E23AA23D100319DFA /* Settings.bundle */,
			);
			path = "trc-ios";
			sourceTree = "<group>";
		};
		F379D8B7237DB44900A3849E /* trc-iosTests */ = {
			isa = PBXGroup;
			children = (
				F379D8B8237DB44900A3849E /* trc_iosTests.swift */,
				F379D8BA237DB44900A3849E /* Info.plist */,
			);
			path = "trc-iosTests";
			sourceTree = "<group>";
		};
		F379D8C2237DB44900A3849E /* trc-iosUITests */ = {
			isa = PBXGroup;
			children = (
				F379D8C3237DB44900A3849E /* trc_iosUITests.swift */,
				F379D8C5237DB44900A3849E /* Info.plist */,
			);
			path = "trc-iosUITests";
			sourceTree = "<group>";
		};
		F379D8D1237DB4C800A3849E /* Frameworks */ = {
			isa = PBXGroup;
			children = (
				8CEE5C8C18609BDF6FB9D8FB /* libPods-trc-ios.a */,
				1DD3341DA290437009E6363E /* libPods-trc-ios-trc-iosUITests.a */,
				8FDEA7C9C157A6ACDCBC5D60 /* libPods-trc-iosTests.a */,
			);
			name = Frameworks;
			sourceTree = "<group>";
		};
		F379D8DA237DD25100A3849E /* Models */ = {
			isa = PBXGroup;
			children = (
				F379D8DB237DD27300A3849E /* Tokens.swift */,
				F309034D23BF535A0001F7DF /* UidResponse.swift */,
				F309034F23BF54340001F7DF /* MiniStatementResponse.swift */,
				F309035123BF56830001F7DF /* Transaction.swift */,
			);
			path = Models;
			sourceTree = "<group>";
		};
/* End PBXGroup section */

/* Begin PBXNativeTarget section */
		F379D89D237DB44800A3849E /* trc-ios */ = {
			isa = PBXNativeTarget;
			buildConfigurationList = F379D8C8237DB44900A3849E /* Build configuration list for PBXNativeTarget "trc-ios" */;
			buildPhases = (
				77ED7FF1CEB98D8FF1986980 /* [CP] Check Pods Manifest.lock */,
				F379D89A237DB44800A3849E /* Sources */,
				F379D8D5237DB4C800A3849E /* Embed Frameworks */,
				F379D89B237DB44800A3849E /* Frameworks */,
				F379D89C237DB44800A3849E /* Resources */,
			);
			buildRules = (
			);
			dependencies = (
			);
			name = "trc-ios";
			productName = "trc-ios";
			productReference = F379D89E237DB44800A3849E /* trc-ios.app */;
			productType = "com.apple.product-type.application";
		};
		F379D8B3237DB44900A3849E /* trc-iosTests */ = {
			isa = PBXNativeTarget;
			buildConfigurationList = F379D8CB237DB44900A3849E /* Build configuration list for PBXNativeTarget "trc-iosTests" */;
			buildPhases = (
				F69602D1011C221D90C4D1FE /* [CP] Check Pods Manifest.lock */,
				F379D8B0237DB44900A3849E /* Sources */,
				F379D8B1237DB44900A3849E /* Frameworks */,
				F379D8B2237DB44900A3849E /* Resources */,
			);
			buildRules = (
			);
			dependencies = (
				F379D8B6237DB44900A3849E /* PBXTargetDependency */,
			);
			name = "trc-iosTests";
			productName = "trc-iosTests";
			productReference = F379D8B4237DB44900A3849E /* trc-iosTests.xctest */;
			productType = "com.apple.product-type.bundle.unit-test";
		};
		F379D8BE237DB44900A3849E /* trc-iosUITests */ = {
			isa = PBXNativeTarget;
			buildConfigurationList = F379D8CE237DB44900A3849E /* Build configuration list for PBXNativeTarget "trc-iosUITests" */;
			buildPhases = (
				F4350B3E9E033BC745F18BA3 /* [CP] Check Pods Manifest.lock */,
				F379D8BB237DB44900A3849E /* Sources */,
				F379D8BC237DB44900A3849E /* Frameworks */,
				F379D8BD237DB44900A3849E /* Resources */,
			);
			buildRules = (
			);
			dependencies = (
				F379D8C1237DB44900A3849E /* PBXTargetDependency */,
			);
			name = "trc-iosUITests";
			productName = "trc-iosUITests";
			productReference = F379D8BF237DB44900A3849E /* trc-iosUITests.xctest */;
			productType = "com.apple.product-type.bundle.ui-testing";
		};
/* End PBXNativeTarget section */

/* Begin PBXProject section */
		F379D896237DB44800A3849E /* Project object */ = {
			isa = PBXProject;
			attributes = {
				LastSwiftUpdateCheck = 1120;
				LastUpgradeCheck = 1120;
				ORGANIZATIONNAME = "Level-Up Consulting Ltd";
				TargetAttributes = {
					F379D89D237DB44800A3849E = {
						CreatedOnToolsVersion = 11.2.1;
					};
					F379D8B3237DB44900A3849E = {
						CreatedOnToolsVersion = 11.2.1;
						TestTargetID = F379D89D237DB44800A3849E;
					};
					F379D8BE237DB44900A3849E = {
						CreatedOnToolsVersion = 11.2.1;
						TestTargetID = F379D89D237DB44800A3849E;
					};
				};
			};
			buildConfigurationList = F379D899237DB44800A3849E /* Build configuration list for PBXProject "trc-ios" */;
			compatibilityVersion = "Xcode 9.3";
			developmentRegion = en;
			hasScannedForEncodings = 0;
			knownRegions = (
				en,
				Base,
			);
			mainGroup = F379D895237DB44800A3849E;
			productRefGroup = F379D89F237DB44800A3849E /* Products */;
			projectDirPath = "";
			projectRoot = "";
			targets = (
				F379D89D237DB44800A3849E /* trc-ios */,
				F379D8B3237DB44900A3849E /* trc-iosTests */,
				F379D8BE237DB44900A3849E /* trc-iosUITests */,
			);
		};
/* End PBXProject section */

/* Begin PBXResourcesBuildPhase section */
		F379D89C237DB44800A3849E /* Resources */ = {
			isa = PBXResourcesBuildPhase;
			buildActionMask = 2147483647;
			files = (
				F379D8AE237DB44800A3849E /* LaunchScreen.storyboard in Resources */,
				F38EED2A23A39C620049CE7E /* GoogleService-Info.plist in Resources */,
				F351897F23AA23D100319DFA /* Settings.bundle in Resources */,
				F379D8AB237DB44800A3849E /* Assets.xcassets in Resources */,
				F379D8A9237DB44800A3849E /* Main.storyboard in Resources */,
			);
			runOnlyForDeploymentPostprocessing = 0;
		};
		F379D8B2237DB44900A3849E /* Resources */ = {
			isa = PBXResourcesBuildPhase;
			buildActionMask = 2147483647;
			files = (
				F38EED2B23A39C620049CE7E /* GoogleService-Info.plist in Resources */,
			);
			runOnlyForDeploymentPostprocessing = 0;
		};
		F379D8BD237DB44900A3849E /* Resources */ = {
			isa = PBXResourcesBuildPhase;
			buildActionMask = 2147483647;
			files = (
				F38EED2C23A39C620049CE7E /* GoogleService-Info.plist in Resources */,
			);
			runOnlyForDeploymentPostprocessing = 0;
		};
/* End PBXResourcesBuildPhase section */

/* Begin PBXShellScriptBuildPhase section */
		77ED7FF1CEB98D8FF1986980 /* [CP] Check Pods Manifest.lock */ = {
			isa = PBXShellScriptBuildPhase;
			buildActionMask = 2147483647;
			files = (
			);
			inputFileListPaths = (
			);
			inputPaths = (
				"${PODS_PODFILE_DIR_PATH}/Podfile.lock",
				"${PODS_ROOT}/Manifest.lock",
			);
			name = "[CP] Check Pods Manifest.lock";
			outputFileListPaths = (
			);
			outputPaths = (
				"$(DERIVED_FILE_DIR)/Pods-trc-ios-checkManifestLockResult.txt",
			);
			runOnlyForDeploymentPostprocessing = 0;
			shellPath = /bin/sh;
			shellScript = "diff \"${PODS_PODFILE_DIR_PATH}/Podfile.lock\" \"${PODS_ROOT}/Manifest.lock\" > /dev/null\nif [ $? != 0 ] ; then\n    # print error to STDERR\n    echo \"error: The sandbox is not in sync with the Podfile.lock. Run 'pod install' or update your CocoaPods installation.\" >&2\n    exit 1\nfi\n# This output is used by Xcode 'outputs' to avoid re-running this script phase.\necho \"SUCCESS\" > \"${SCRIPT_OUTPUT_FILE_0}\"\n";
			showEnvVarsInLog = 0;
		};
		F4350B3E9E033BC745F18BA3 /* [CP] Check Pods Manifest.lock */ = {
			isa = PBXShellScriptBuildPhase;
			buildActionMask = 2147483647;
			files = (
			);
			inputFileListPaths = (
			);
			inputPaths = (
				"${PODS_PODFILE_DIR_PATH}/Podfile.lock",
				"${PODS_ROOT}/Manifest.lock",
			);
			name = "[CP] Check Pods Manifest.lock";
			outputFileListPaths = (
			);
			outputPaths = (
				"$(DERIVED_FILE_DIR)/Pods-trc-ios-trc-iosUITests-checkManifestLockResult.txt",
			);
			runOnlyForDeploymentPostprocessing = 0;
			shellPath = /bin/sh;
			shellScript = "diff \"${PODS_PODFILE_DIR_PATH}/Podfile.lock\" \"${PODS_ROOT}/Manifest.lock\" > /dev/null\nif [ $? != 0 ] ; then\n    # print error to STDERR\n    echo \"error: The sandbox is not in sync with the Podfile.lock. Run 'pod install' or update your CocoaPods installation.\" >&2\n    exit 1\nfi\n# This output is used by Xcode 'outputs' to avoid re-running this script phase.\necho \"SUCCESS\" > \"${SCRIPT_OUTPUT_FILE_0}\"\n";
			showEnvVarsInLog = 0;
		};
		F69602D1011C221D90C4D1FE /* [CP] Check Pods Manifest.lock */ = {
			isa = PBXShellScriptBuildPhase;
			buildActionMask = 2147483647;
			files = (
			);
			inputFileListPaths = (
			);
			inputPaths = (
				"${PODS_PODFILE_DIR_PATH}/Podfile.lock",
				"${PODS_ROOT}/Manifest.lock",
			);
			name = "[CP] Check Pods Manifest.lock";
			outputFileListPaths = (
			);
			outputPaths = (
				"$(DERIVED_FILE_DIR)/Pods-trc-iosTests-checkManifestLockResult.txt",
			);
			runOnlyForDeploymentPostprocessing = 0;
			shellPath = /bin/sh;
			shellScript = "diff \"${PODS_PODFILE_DIR_PATH}/Podfile.lock\" \"${PODS_ROOT}/Manifest.lock\" > /dev/null\nif [ $? != 0 ] ; then\n    # print error to STDERR\n    echo \"error: The sandbox is not in sync with the Podfile.lock. Run 'pod install' or update your CocoaPods installation.\" >&2\n    exit 1\nfi\n# This output is used by Xcode 'outputs' to avoid re-running this script phase.\necho \"SUCCESS\" > \"${SCRIPT_OUTPUT_FILE_0}\"\n";
			showEnvVarsInLog = 0;
		};
/* End PBXShellScriptBuildPhase section */

/* Begin PBXSourcesBuildPhase section */
		F379D89A237DB44800A3849E /* Sources */ = {
			isa = PBXSourcesBuildPhase;
			buildActionMask = 2147483647;
			files = (
				F36AED8823BE2823003152F9 /* MyHomeAdapter.swift in Sources */,
				F309035023BF54340001F7DF /* MiniStatementResponse.swift in Sources */,
				F379D8D9237DD1AC00A3849E /* LoginViewController.swift in Sources */,
				F36AED8E23BE2B51003152F9 /* Network.swift in Sources */,
				F36AED8423BE24CB003152F9 /* CLOBGWAdapter.swift in Sources */,
				F379D8A6237DB44800A3849E /* DashboardViewController.swift in Sources */,
				F379D8A2237DB44800A3849E /* AppDelegate.swift in Sources */,
				F36AED8A23BE2838003152F9 /* ELHAMyHomeAdapter.swift in Sources */,
				F379D8DE237DD2A000A3849E /* utils.swift in Sources */,
				F36AED8223BE24B8003152F9 /* OBGWAdapter.swift in Sources */,
				F3ED9DD22396C0B3006A3C0F /* AccountLinkingViewController.swift in Sources */,
				F379D8DC237DD27300A3849E /* Tokens.swift in Sources */,
				F379D8A4237DB44800A3849E /* SceneDelegate.swift in Sources */,
				F309034E23BF535A0001F7DF /* UidResponse.swift in Sources */,
				F309035223BF56830001F7DF /* Transaction.swift in Sources */,
			);
			runOnlyForDeploymentPostprocessing = 0;
		};
		F379D8B0237DB44900A3849E /* Sources */ = {
			isa = PBXSourcesBuildPhase;
			buildActionMask = 2147483647;
			files = (
				F379D8B9237DB44900A3849E /* trc_iosTests.swift in Sources */,
			);
			runOnlyForDeploymentPostprocessing = 0;
		};
		F379D8BB237DB44900A3849E /* Sources */ = {
			isa = PBXSourcesBuildPhase;
			buildActionMask = 2147483647;
			files = (
				F379D8C4237DB44900A3849E /* trc_iosUITests.swift in Sources */,
			);
			runOnlyForDeploymentPostprocessing = 0;
		};
/* End PBXSourcesBuildPhase section */

/* Begin PBXTargetDependency section */
		F379D8B6237DB44900A3849E /* PBXTargetDependency */ = {
			isa = PBXTargetDependency;
			target = F379D89D237DB44800A3849E /* trc-ios */;
			targetProxy = F379D8B5237DB44900A3849E /* PBXContainerItemProxy */;
		};
		F379D8C1237DB44900A3849E /* PBXTargetDependency */ = {
			isa = PBXTargetDependency;
			target = F379D89D237DB44800A3849E /* trc-ios */;
			targetProxy = F379D8C0237DB44900A3849E /* PBXContainerItemProxy */;
		};
/* End PBXTargetDependency section */

/* Begin PBXVariantGroup section */
		F379D8A7237DB44800A3849E /* Main.storyboard */ = {
			isa = PBXVariantGroup;
			children = (
				F379D8A8237DB44800A3849E /* Base */,
			);
			name = Main.storyboard;
			sourceTree = "<group>";
		};
		F379D8AC237DB44800A3849E /* LaunchScreen.storyboard */ = {
			isa = PBXVariantGroup;
			children = (
				F379D8AD237DB44800A3849E /* Base */,
			);
			name = LaunchScreen.storyboard;
			sourceTree = "<group>";
		};
/* End PBXVariantGroup section */

/* Begin XCBuildConfiguration section */
		F379D8C6237DB44900A3849E /* Debug */ = {
			isa = XCBuildConfiguration;
			buildSettings = {
				ALWAYS_SEARCH_USER_PATHS = NO;
				CLANG_ANALYZER_NONNULL = YES;
				CLANG_ANALYZER_NUMBER_OBJECT_CONVERSION = YES_AGGRESSIVE;
				CLANG_CXX_LANGUAGE_STANDARD = "gnu++14";
				CLANG_CXX_LIBRARY = "libc++";
				CLANG_ENABLE_MODULES = YES;
				CLANG_ENABLE_OBJC_ARC = YES;
				CLANG_ENABLE_OBJC_WEAK = YES;
				CLANG_WARN_BLOCK_CAPTURE_AUTORELEASING = YES;
				CLANG_WARN_BOOL_CONVERSION = YES;
				CLANG_WARN_COMMA = YES;
				CLANG_WARN_CONSTANT_CONVERSION = YES;
				CLANG_WARN_DEPRECATED_OBJC_IMPLEMENTATIONS = YES;
				CLANG_WARN_DIRECT_OBJC_ISA_USAGE = YES_ERROR;
				CLANG_WARN_DOCUMENTATION_COMMENTS = YES;
				CLANG_WARN_EMPTY_BODY = YES;
				CLANG_WARN_ENUM_CONVERSION = YES;
				CLANG_WARN_INFINITE_RECURSION = YES;
				CLANG_WARN_INT_CONVERSION = YES;
				CLANG_WARN_NON_LITERAL_NULL_CONVERSION = YES;
				CLANG_WARN_OBJC_IMPLICIT_RETAIN_SELF = YES;
				CLANG_WARN_OBJC_LITERAL_CONVERSION = YES;
				CLANG_WARN_OBJC_ROOT_CLASS = YES_ERROR;
				CLANG_WARN_RANGE_LOOP_ANALYSIS = YES;
				CLANG_WARN_STRICT_PROTOTYPES = YES;
				CLANG_WARN_SUSPICIOUS_MOVE = YES;
				CLANG_WARN_UNGUARDED_AVAILABILITY = YES_AGGRESSIVE;
				CLANG_WARN_UNREACHABLE_CODE = YES;
				CLANG_WARN__DUPLICATE_METHOD_MATCH = YES;
				COPY_PHASE_STRIP = NO;
				DEBUG_INFORMATION_FORMAT = dwarf;
				ENABLE_STRICT_OBJC_MSGSEND = YES;
				ENABLE_TESTABILITY = YES;
				GCC_C_LANGUAGE_STANDARD = gnu11;
				GCC_DYNAMIC_NO_PIC = NO;
				GCC_NO_COMMON_BLOCKS = YES;
				GCC_OPTIMIZATION_LEVEL = 0;
				GCC_PREPROCESSOR_DEFINITIONS = (
					"DEBUG=1",
					"$(inherited)",
				);
				GCC_WARN_64_TO_32_BIT_CONVERSION = YES;
				GCC_WARN_ABOUT_RETURN_TYPE = YES_ERROR;
				GCC_WARN_UNDECLARED_SELECTOR = YES;
				GCC_WARN_UNINITIALIZED_AUTOS = YES_AGGRESSIVE;
				GCC_WARN_UNUSED_FUNCTION = YES;
				GCC_WARN_UNUSED_VARIABLE = YES;
				IPHONEOS_DEPLOYMENT_TARGET = 13.2;
				MTL_ENABLE_DEBUG_INFO = INCLUDE_SOURCE;
				MTL_FAST_MATH = YES;
				ONLY_ACTIVE_ARCH = YES;
				SDKROOT = iphoneos;
				SWIFT_ACTIVE_COMPILATION_CONDITIONS = DEBUG;
				SWIFT_OPTIMIZATION_LEVEL = "-Onone";
			};
			name = Debug;
		};
		F379D8C7237DB44900A3849E /* Release */ = {
			isa = XCBuildConfiguration;
			buildSettings = {
				ALWAYS_SEARCH_USER_PATHS = NO;
				CLANG_ANALYZER_NONNULL = YES;
				CLANG_ANALYZER_NUMBER_OBJECT_CONVERSION = YES_AGGRESSIVE;
				CLANG_CXX_LANGUAGE_STANDARD = "gnu++14";
				CLANG_CXX_LIBRARY = "libc++";
				CLANG_ENABLE_MODULES = YES;
				CLANG_ENABLE_OBJC_ARC = YES;
				CLANG_ENABLE_OBJC_WEAK = YES;
				CLANG_WARN_BLOCK_CAPTURE_AUTORELEASING = YES;
				CLANG_WARN_BOOL_CONVERSION = YES;
				CLANG_WARN_COMMA = YES;
				CLANG_WARN_CONSTANT_CONVERSION = YES;
				CLANG_WARN_DEPRECATED_OBJC_IMPLEMENTATIONS = YES;
				CLANG_WARN_DIRECT_OBJC_ISA_USAGE = YES_ERROR;
				CLANG_WARN_DOCUMENTATION_COMMENTS = YES;
				CLANG_WARN_EMPTY_BODY = YES;
				CLANG_WARN_ENUM_CONVERSION = YES;
				CLANG_WARN_INFINITE_RECURSION = YES;
				CLANG_WARN_INT_CONVERSION = YES;
				CLANG_WARN_NON_LITERAL_NULL_CONVERSION = YES;
				CLANG_WARN_OBJC_IMPLICIT_RETAIN_SELF = YES;
				CLANG_WARN_OBJC_LITERAL_CONVERSION = YES;
				CLANG_WARN_OBJC_ROOT_CLASS = YES_ERROR;
				CLANG_WARN_RANGE_LOOP_ANALYSIS = YES;
				CLANG_WARN_STRICT_PROTOTYPES = YES;
				CLANG_WARN_SUSPICIOUS_MOVE = YES;
				CLANG_WARN_UNGUARDED_AVAILABILITY = YES_AGGRESSIVE;
				CLANG_WARN_UNREACHABLE_CODE = YES;
				CLANG_WARN__DUPLICATE_METHOD_MATCH = YES;
				COPY_PHASE_STRIP = NO;
				DEBUG_INFORMATION_FORMAT = "dwarf-with-dsym";
				ENABLE_NS_ASSERTIONS = NO;
				ENABLE_STRICT_OBJC_MSGSEND = YES;
				GCC_C_LANGUAGE_STANDARD = gnu11;
				GCC_NO_COMMON_BLOCKS = YES;
				GCC_WARN_64_TO_32_BIT_CONVERSION = YES;
				GCC_WARN_ABOUT_RETURN_TYPE = YES_ERROR;
				GCC_WARN_UNDECLARED_SELECTOR = YES;
				GCC_WARN_UNINITIALIZED_AUTOS = YES_AGGRESSIVE;
				GCC_WARN_UNUSED_FUNCTION = YES;
				GCC_WARN_UNUSED_VARIABLE = YES;
				IPHONEOS_DEPLOYMENT_TARGET = 13.2;
				MTL_ENABLE_DEBUG_INFO = NO;
				MTL_FAST_MATH = YES;
				SDKROOT = iphoneos;
				SWIFT_COMPILATION_MODE = wholemodule;
				SWIFT_OPTIMIZATION_LEVEL = "-O";
				VALIDATE_PRODUCT = YES;
			};
			name = Release;
		};
		F379D8C9237DB44900A3849E /* Debug */ = {
			isa = XCBuildConfiguration;
			baseConfigurationReference = 48A4AF67909B6EF370B3C0F9 /* Pods-trc-ios.debug.xcconfig */;
			buildSettings = {
				ASSETCATALOG_COMPILER_APPICON_NAME = AppIcon;
				CODE_SIGN_ENTITLEMENTS = "trc-ios/trc-ios.entitlements";
				CODE_SIGN_STYLE = Automatic;
				DEVELOPMENT_TEAM = 5DJD6P2PD3;
				INFOPLIST_FILE = "trc-ios/Info.plist";
				IPHONEOS_DEPLOYMENT_TARGET = 12.4;
				LD_RUNPATH_SEARCH_PATHS = (
					"$(inherited)",
					"@executable_path/Frameworks",
				);
				"LD_RUNPATH_SEARCH_PATHS[arch=*]" = (
					"$(inherited)",
					"@executable_path/Frameworks",
				);
				ONLY_ACTIVE_ARCH = YES;
				PRODUCT_BUNDLE_IDENTIFIER = "com.level-up-consulting.trc-ios";
				PRODUCT_NAME = "$(TARGET_NAME)";
				SWIFT_OBJC_BRIDGING_HEADER = "";
				SWIFT_VERSION = 5.0;
				TARGETED_DEVICE_FAMILY = 1;
			};
			name = Debug;
		};
		F379D8CA237DB44900A3849E /* Release */ = {
			isa = XCBuildConfiguration;
			baseConfigurationReference = 9254C9599BCD6F372E425168 /* Pods-trc-ios.release.xcconfig */;
			buildSettings = {
				ASSETCATALOG_COMPILER_APPICON_NAME = AppIcon;
				CODE_SIGN_ENTITLEMENTS = "trc-ios/trc-ios.entitlements";
				CODE_SIGN_STYLE = Automatic;
				DEVELOPMENT_TEAM = 5DJD6P2PD3;
				INFOPLIST_FILE = "trc-ios/Info.plist";
				IPHONEOS_DEPLOYMENT_TARGET = 12.4;
				LD_RUNPATH_SEARCH_PATHS = (
					"$(inherited)",
					"@executable_path/Frameworks",
				);
				"LD_RUNPATH_SEARCH_PATHS[arch=*]" = (
					"$(inherited)",
					"@executable_path/Frameworks",
				);
				PRODUCT_BUNDLE_IDENTIFIER = "com.level-up-consulting.trc-ios";
				PRODUCT_NAME = "$(TARGET_NAME)";
				SWIFT_VERSION = 5.0;
				TARGETED_DEVICE_FAMILY = 1;
			};
			name = Release;
		};
		F379D8CC237DB44900A3849E /* Debug */ = {
			isa = XCBuildConfiguration;
			baseConfigurationReference = 7BBBA12452DC285600185BC5 /* Pods-trc-iosTests.debug.xcconfig */;
			buildSettings = {
				ALWAYS_EMBED_SWIFT_STANDARD_LIBRARIES = YES;
				BUNDLE_LOADER = "$(TEST_HOST)";
				CODE_SIGN_STYLE = Automatic;
				DEVELOPMENT_TEAM = 5DJD6P2PD3;
				INFOPLIST_FILE = "trc-iosTests/Info.plist";
				IPHONEOS_DEPLOYMENT_TARGET = 13.2;
				LD_RUNPATH_SEARCH_PATHS = (
					"$(inherited)",
					"@executable_path/Frameworks",
					"@loader_path/Frameworks",
				);
				PRODUCT_BUNDLE_IDENTIFIER = "com.level-up-consulting.trc-iosTests";
				PRODUCT_NAME = "$(TARGET_NAME)";
				SWIFT_VERSION = 5.0;
				TARGETED_DEVICE_FAMILY = "1,2";
				TEST_HOST = "$(BUILT_PRODUCTS_DIR)/trc-ios.app/trc-ios";
			};
			name = Debug;
		};
		F379D8CD237DB44900A3849E /* Release */ = {
			isa = XCBuildConfiguration;
			baseConfigurationReference = 531FBEFC28BC5CB3FED940BC /* Pods-trc-iosTests.release.xcconfig */;
			buildSettings = {
				ALWAYS_EMBED_SWIFT_STANDARD_LIBRARIES = YES;
				BUNDLE_LOADER = "$(TEST_HOST)";
				CODE_SIGN_STYLE = Automatic;
				DEVELOPMENT_TEAM = 5DJD6P2PD3;
				INFOPLIST_FILE = "trc-iosTests/Info.plist";
				IPHONEOS_DEPLOYMENT_TARGET = 13.2;
				LD_RUNPATH_SEARCH_PATHS = (
					"$(inherited)",
					"@executable_path/Frameworks",
					"@loader_path/Frameworks",
				);
				PRODUCT_BUNDLE_IDENTIFIER = "com.level-up-consulting.trc-iosTests";
				PRODUCT_NAME = "$(TARGET_NAME)";
				SWIFT_VERSION = 5.0;
				TARGETED_DEVICE_FAMILY = "1,2";
				TEST_HOST = "$(BUILT_PRODUCTS_DIR)/trc-ios.app/trc-ios";
			};
			name = Release;
		};
		F379D8CF237DB44900A3849E /* Debug */ = {
			isa = XCBuildConfiguration;
			baseConfigurationReference = 1D94302AC62334918368D6EC /* Pods-trc-ios-trc-iosUITests.debug.xcconfig */;
			buildSettings = {
				CODE_SIGN_STYLE = Automatic;
				DEVELOPMENT_TEAM = 5DJD6P2PD3;
				INFOPLIST_FILE = "trc-iosUITests/Info.plist";
				LD_RUNPATH_SEARCH_PATHS = (
					"$(inherited)",
					"@executable_path/Frameworks",
					"@loader_path/Frameworks",
				);
				PRODUCT_BUNDLE_IDENTIFIER = "com.level-up-consulting.trc-iosUITests";
				PRODUCT_NAME = "$(TARGET_NAME)";
				SWIFT_VERSION = 5.0;
				TARGETED_DEVICE_FAMILY = "1,2";
				TEST_TARGET_NAME = "trc-ios";
			};
			name = Debug;
		};
		F379D8D0237DB44900A3849E /* Release */ = {
			isa = XCBuildConfiguration;
			baseConfigurationReference = 466EE7C71D36F1B3D3AEBE8F /* Pods-trc-ios-trc-iosUITests.release.xcconfig */;
			buildSettings = {
				CODE_SIGN_STYLE = Automatic;
				DEVELOPMENT_TEAM = 5DJD6P2PD3;
				INFOPLIST_FILE = "trc-iosUITests/Info.plist";
				LD_RUNPATH_SEARCH_PATHS = (
					"$(inherited)",
					"@executable_path/Frameworks",
					"@loader_path/Frameworks",
				);
				PRODUCT_BUNDLE_IDENTIFIER = "com.level-up-consulting.trc-iosUITests";
				PRODUCT_NAME = "$(TARGET_NAME)";
				SWIFT_VERSION = 5.0;
				TARGETED_DEVICE_FAMILY = "1,2";
				TEST_TARGET_NAME = "trc-ios";
			};
			name = Release;
		};
/* End XCBuildConfiguration section */

/* Begin XCConfigurationList section */
		F379D899237DB44800A3849E /* Build configuration list for PBXProject "trc-ios" */ = {
			isa = XCConfigurationList;
			buildConfigurations = (
				F379D8C6237DB44900A3849E /* Debug */,
				F379D8C7237DB44900A3849E /* Release */,
			);
			defaultConfigurationIsVisible = 0;
			defaultConfigurationName = Release;
		};
		F379D8C8237DB44900A3849E /* Build configuration list for PBXNativeTarget "trc-ios" */ = {
			isa = XCConfigurationList;
			buildConfigurations = (
				F379D8C9237DB44900A3849E /* Debug */,
				F379D8CA237DB44900A3849E /* Release */,
			);
			defaultConfigurationIsVisible = 0;
			defaultConfigurationName = Release;
		};
		F379D8CB237DB44900A3849E /* Build configuration list for PBXNativeTarget "trc-iosTests" */ = {
			isa = XCConfigurationList;
			buildConfigurations = (
				F379D8CC237DB44900A3849E /* Debug */,
				F379D8CD237DB44900A3849E /* Release */,
			);
			defaultConfigurationIsVisible = 0;
			defaultConfigurationName = Release;
		};
		F379D8CE237DB44900A3849E /* Build configuration list for PBXNativeTarget "trc-iosUITests" */ = {
			isa = XCConfigurationList;
			buildConfigurations = (
				F379D8CF237DB44900A3849E /* Debug */,
				F379D8D0237DB44900A3849E /* Release */,
			);
			defaultConfigurationIsVisible = 0;
			defaultConfigurationName = Release;
		};
/* End XCConfigurationList section */
	};
	rootObject = F379D896237DB44800A3849E /* Project object */;
}
